PODS:
  - Flutter (1.0.0)
  - qr_utils (0.1.4):
    - Flutter

DEPENDENCIES:
  - Flutter (from `.symlinks/flutter/ios`)
  - qr_utils (from `.symlinks/plugins/qr_utils/ios`)

EXTERNAL SOURCES:
  Flutter:
    :path: ".symlinks/flutter/ios"
  qr_utils:
    :path: ".symlinks/plugins/qr_utils/ios"

SPEC CHECKSUMS:
  Flutter: 0e3d915762c693b495b44d77113d4970485de6ec
  qr_utils: f081dcdad9f06a8afc10bbf15b5b16264a05a27a

PODFILE CHECKSUM: ebd43b443038e611b86ede96e613bd6033c49497

COCOAPODS: 1.9.1
